
Microsoft Visual Studio Solution File, Format Version 12.00
# Visual Studio Version 17
VisualStudioVersion = 17.5.002.0
MinimumVisualStudioVersion = 10.0.40219.1
Project("{9A19103F-16F7-4668-BE54-9A1E7A4F7556}") = "1131", "1131.csproj", "{976C9C47-B7E6-4BCF-870F-F5EF3CE20D88}"
EndProject
Global
	GlobalSection(SolutionConfigurationPlatforms) = preSolution
		Debug|Any CPU = Debug|Any CPU
		Release|Any CPU = Release|Any CPU
	EndGlobalSection
	GlobalSection(ProjectConfigurationPlatforms) = postSolution
		{976C9C47-B7E6-4BCF-870F-F5EF3CE20D88}.Debug|Any CPU.ActiveCfg = Debug|Any CPU
		{976C9C47-B7E6-4BCF-870F-F5EF3CE20D88}.Debug|Any CPU.Build.0 = Debug|Any CPU
		{976C9C47-B7E6-4BCF-870F-F5EF3CE20D88}.Release|Any CPU.ActiveCfg = Release|Any CPU
		{976C9C47-B7E6-4BCF-870F-F5EF3CE20D88}.Release|Any CPU.Build.0 = Release|Any CPU
	EndGlobalSection
	GlobalSection(SolutionProperties) = preSolution
		HideSolutionNode = FALSE
	EndGlobalSection
	GlobalSection(ExtensibilityGlobals) = postSolution
		SolutionGuid = {CCCA1CF8-294B-4EF2-97BC-925ABBAFB214}
	EndGlobalSection
EndGlobal
