
Microsoft Visual Studio Solution File, Format Version 12.00
# Visual Studio Version 17
VisualStudioVersion = 17.5.002.0
MinimumVisualStudioVersion = 10.0.40219.1
Project("{9A19103F-16F7-4668-BE54-9A1E7A4F7556}") = "1099", "1099.csproj", "{B43EE1FA-CE5E-4561-85A8-E11571F261FB}"
EndProject
Global
	GlobalSection(SolutionConfigurationPlatforms) = preSolution
		Debug|Any CPU = Debug|Any CPU
		Release|Any CPU = Release|Any CPU
	EndGlobalSection
	GlobalSection(ProjectConfigurationPlatforms) = postSolution
		{B43EE1FA-CE5E-4561-85A8-E11571F261FB}.Debug|Any CPU.ActiveCfg = Debug|Any CPU
		{B43EE1FA-CE5E-4561-85A8-E11571F261FB}.Debug|Any CPU.Build.0 = Debug|Any CPU
		{B43EE1FA-CE5E-4561-85A8-E11571F261FB}.Release|Any CPU.ActiveCfg = Release|Any CPU
		{B43EE1FA-CE5E-4561-85A8-E11571F261FB}.Release|Any CPU.Build.0 = Release|Any CPU
	EndGlobalSection
	GlobalSection(SolutionProperties) = preSolution
		HideSolutionNode = FALSE
	EndGlobalSection
	GlobalSection(ExtensibilityGlobals) = postSolution
		SolutionGuid = {97CD79F3-B9B9-4092-AD01-517450A90059}
	EndGlobalSection
EndGlobal
