
Microsoft Visual Studio Solution File, Format Version 12.00
# Visual Studio Version 17
VisualStudioVersion = 17.5.002.0
MinimumVisualStudioVersion = 10.0.40219.1
Project("{9A19103F-16F7-4668-BE54-9A1E7A4F7556}") = "1957", "1957.csproj", "{368E6913-29C5-4124-8228-9651BC8B76BA}"
EndProject
Global
	GlobalSection(SolutionConfigurationPlatforms) = preSolution
		Debug|Any CPU = Debug|Any CPU
		Release|Any CPU = Release|Any CPU
	EndGlobalSection
	GlobalSection(ProjectConfigurationPlatforms) = postSolution
		{368E6913-29C5-4124-8228-9651BC8B76BA}.Debug|Any CPU.ActiveCfg = Debug|Any CPU
		{368E6913-29C5-4124-8228-9651BC8B76BA}.Debug|Any CPU.Build.0 = Debug|Any CPU
		{368E6913-29C5-4124-8228-9651BC8B76BA}.Release|Any CPU.ActiveCfg = Release|Any CPU
		{368E6913-29C5-4124-8228-9651BC8B76BA}.Release|Any CPU.Build.0 = Release|Any CPU
	EndGlobalSection
	GlobalSection(SolutionProperties) = preSolution
		HideSolutionNode = FALSE
	EndGlobalSection
	GlobalSection(ExtensibilityGlobals) = postSolution
		SolutionGuid = {41E5073E-C8D6-44CF-9188-FE72C702D169}
	EndGlobalSection
EndGlobal
