
Microsoft Visual Studio Solution File, Format Version 12.00
# Visual Studio Version 17
VisualStudioVersion = 17.5.002.0
MinimumVisualStudioVersion = 10.0.40219.1
Project("{9A19103F-16F7-4668-BE54-9A1E7A4F7556}") = "1146", "1146.csproj", "{75A7566A-4971-456B-A5E4-B18DF47510D3}"
EndProject
Global
	GlobalSection(SolutionConfigurationPlatforms) = preSolution
		Debug|Any CPU = Debug|Any CPU
		Release|Any CPU = Release|Any CPU
	EndGlobalSection
	GlobalSection(ProjectConfigurationPlatforms) = postSolution
		{75A7566A-4971-456B-A5E4-B18DF47510D3}.Debug|Any CPU.ActiveCfg = Debug|Any CPU
		{75A7566A-4971-456B-A5E4-B18DF47510D3}.Debug|Any CPU.Build.0 = Debug|Any CPU
		{75A7566A-4971-456B-A5E4-B18DF47510D3}.Release|Any CPU.ActiveCfg = Release|Any CPU
		{75A7566A-4971-456B-A5E4-B18DF47510D3}.Release|Any CPU.Build.0 = Release|Any CPU
	EndGlobalSection
	GlobalSection(SolutionProperties) = preSolution
		HideSolutionNode = FALSE
	EndGlobalSection
	GlobalSection(ExtensibilityGlobals) = postSolution
		SolutionGuid = {ADCB6A1C-EF3F-4E25-8D0B-A2ED52E4BB6E}
	EndGlobalSection
EndGlobal
