
Microsoft Visual Studio Solution File, Format Version 12.00
# Visual Studio Version 17
VisualStudioVersion = 17.5.002.0
MinimumVisualStudioVersion = 10.0.40219.1
Project("{9A19103F-16F7-4668-BE54-9A1E7A4F7556}") = "1172", "1172.csproj", "{EB49CC46-4D9A-491F-BF7E-138E2CE6EF7A}"
EndProject
Global
	GlobalSection(SolutionConfigurationPlatforms) = preSolution
		Debug|Any CPU = Debug|Any CPU
		Release|Any CPU = Release|Any CPU
	EndGlobalSection
	GlobalSection(ProjectConfigurationPlatforms) = postSolution
		{EB49CC46-4D9A-491F-BF7E-138E2CE6EF7A}.Debug|Any CPU.ActiveCfg = Debug|Any CPU
		{EB49CC46-4D9A-491F-BF7E-138E2CE6EF7A}.Debug|Any CPU.Build.0 = Debug|Any CPU
		{EB49CC46-4D9A-491F-BF7E-138E2CE6EF7A}.Release|Any CPU.ActiveCfg = Release|Any CPU
		{EB49CC46-4D9A-491F-BF7E-138E2CE6EF7A}.Release|Any CPU.Build.0 = Release|Any CPU
	EndGlobalSection
	GlobalSection(SolutionProperties) = preSolution
		HideSolutionNode = FALSE
	EndGlobalSection
	GlobalSection(ExtensibilityGlobals) = postSolution
		SolutionGuid = {137F527A-EC2C-4D8A-83A1-21D445ECC7CE}
	EndGlobalSection
EndGlobal
