
Microsoft Visual Studio Solution File, Format Version 12.00
# Visual Studio Version 17
VisualStudioVersion = 17.5.002.0
MinimumVisualStudioVersion = 10.0.40219.1
Project("{9A19103F-16F7-4668-BE54-9A1E7A4F7556}") = "1153", "1153.csproj", "{92307BED-1652-4A1D-A538-3BFC5F3096B2}"
EndProject
Global
	GlobalSection(SolutionConfigurationPlatforms) = preSolution
		Debug|Any CPU = Debug|Any CPU
		Release|Any CPU = Release|Any CPU
	EndGlobalSection
	GlobalSection(ProjectConfigurationPlatforms) = postSolution
		{92307BED-1652-4A1D-A538-3BFC5F3096B2}.Debug|Any CPU.ActiveCfg = Debug|Any CPU
		{92307BED-1652-4A1D-A538-3BFC5F3096B2}.Debug|Any CPU.Build.0 = Debug|Any CPU
		{92307BED-1652-4A1D-A538-3BFC5F3096B2}.Release|Any CPU.ActiveCfg = Release|Any CPU
		{92307BED-1652-4A1D-A538-3BFC5F3096B2}.Release|Any CPU.Build.0 = Release|Any CPU
	EndGlobalSection
	GlobalSection(SolutionProperties) = preSolution
		HideSolutionNode = FALSE
	EndGlobalSection
	GlobalSection(ExtensibilityGlobals) = postSolution
		SolutionGuid = {488F41D3-2458-4E81-9B60-E305E6055A69}
	EndGlobalSection
EndGlobal
