
Microsoft Visual Studio Solution File, Format Version 12.00
# Visual Studio Version 17
VisualStudioVersion = 17.5.002.0
MinimumVisualStudioVersion = 10.0.40219.1
Project("{9A19103F-16F7-4668-BE54-9A1E7A4F7556}") = "1113", "1113.csproj", "{086A7FBC-0440-43C0-8487-CB1D06030A6D}"
EndProject
Global
	GlobalSection(SolutionConfigurationPlatforms) = preSolution
		Debug|Any CPU = Debug|Any CPU
		Release|Any CPU = Release|Any CPU
	EndGlobalSection
	GlobalSection(ProjectConfigurationPlatforms) = postSolution
		{086A7FBC-0440-43C0-8487-CB1D06030A6D}.Debug|Any CPU.ActiveCfg = Debug|Any CPU
		{086A7FBC-0440-43C0-8487-CB1D06030A6D}.Debug|Any CPU.Build.0 = Debug|Any CPU
		{086A7FBC-0440-43C0-8487-CB1D06030A6D}.Release|Any CPU.ActiveCfg = Release|Any CPU
		{086A7FBC-0440-43C0-8487-CB1D06030A6D}.Release|Any CPU.Build.0 = Release|Any CPU
	EndGlobalSection
	GlobalSection(SolutionProperties) = preSolution
		HideSolutionNode = FALSE
	EndGlobalSection
	GlobalSection(ExtensibilityGlobals) = postSolution
		SolutionGuid = {4796757A-804F-4B1B-9084-1A06FD981898}
	EndGlobalSection
EndGlobal
