
Microsoft Visual Studio Solution File, Format Version 12.00
# Visual Studio Version 17
VisualStudioVersion = 17.5.002.0
MinimumVisualStudioVersion = 10.0.40219.1
Project("{9A19103F-16F7-4668-BE54-9A1E7A4F7556}") = "1557", "1557.csproj", "{D8E43A7E-9A2B-420A-9D40-7DFB78DFCE45}"
EndProject
Global
	GlobalSection(SolutionConfigurationPlatforms) = preSolution
		Debug|Any CPU = Debug|Any CPU
		Release|Any CPU = Release|Any CPU
	EndGlobalSection
	GlobalSection(ProjectConfigurationPlatforms) = postSolution
		{D8E43A7E-9A2B-420A-9D40-7DFB78DFCE45}.Debug|Any CPU.ActiveCfg = Debug|Any CPU
		{D8E43A7E-9A2B-420A-9D40-7DFB78DFCE45}.Debug|Any CPU.Build.0 = Debug|Any CPU
		{D8E43A7E-9A2B-420A-9D40-7DFB78DFCE45}.Release|Any CPU.ActiveCfg = Release|Any CPU
		{D8E43A7E-9A2B-420A-9D40-7DFB78DFCE45}.Release|Any CPU.Build.0 = Release|Any CPU
	EndGlobalSection
	GlobalSection(SolutionProperties) = preSolution
		HideSolutionNode = FALSE
	EndGlobalSection
	GlobalSection(ExtensibilityGlobals) = postSolution
		SolutionGuid = {9551D292-2E2B-4BF3-9F8C-2B99073D8336}
	EndGlobalSection
EndGlobal
