
Microsoft Visual Studio Solution File, Format Version 12.00
# Visual Studio Version 17
VisualStudioVersion = 17.5.002.0
MinimumVisualStudioVersion = 10.0.40219.1
Project("{9A19103F-16F7-4668-BE54-9A1E7A4F7556}") = "1827", "1827.csproj", "{E11198EB-6DB0-40EF-AD37-DE29967D0FC7}"
EndProject
Global
	GlobalSection(SolutionConfigurationPlatforms) = preSolution
		Debug|Any CPU = Debug|Any CPU
		Release|Any CPU = Release|Any CPU
	EndGlobalSection
	GlobalSection(ProjectConfigurationPlatforms) = postSolution
		{E11198EB-6DB0-40EF-AD37-DE29967D0FC7}.Debug|Any CPU.ActiveCfg = Debug|Any CPU
		{E11198EB-6DB0-40EF-AD37-DE29967D0FC7}.Debug|Any CPU.Build.0 = Debug|Any CPU
		{E11198EB-6DB0-40EF-AD37-DE29967D0FC7}.Release|Any CPU.ActiveCfg = Release|Any CPU
		{E11198EB-6DB0-40EF-AD37-DE29967D0FC7}.Release|Any CPU.Build.0 = Release|Any CPU
	EndGlobalSection
	GlobalSection(SolutionProperties) = preSolution
		HideSolutionNode = FALSE
	EndGlobalSection
	GlobalSection(ExtensibilityGlobals) = postSolution
		SolutionGuid = {6031CF87-F593-4841-82EA-D4D643A2CEE7}
	EndGlobalSection
EndGlobal
