
Microsoft Visual Studio Solution File, Format Version 12.00
# Visual Studio Version 17
VisualStudioVersion = 17.5.002.0
MinimumVisualStudioVersion = 10.0.40219.1
Project("{9A19103F-16F7-4668-BE54-9A1E7A4F7556}") = "1116", "1116.csproj", "{BC1128BA-4ACD-4EC0-B59B-66B04C99E86A}"
EndProject
Global
	GlobalSection(SolutionConfigurationPlatforms) = preSolution
		Debug|Any CPU = Debug|Any CPU
		Release|Any CPU = Release|Any CPU
	EndGlobalSection
	GlobalSection(ProjectConfigurationPlatforms) = postSolution
		{BC1128BA-4ACD-4EC0-B59B-66B04C99E86A}.Debug|Any CPU.ActiveCfg = Debug|Any CPU
		{BC1128BA-4ACD-4EC0-B59B-66B04C99E86A}.Debug|Any CPU.Build.0 = Debug|Any CPU
		{BC1128BA-4ACD-4EC0-B59B-66B04C99E86A}.Release|Any CPU.ActiveCfg = Release|Any CPU
		{BC1128BA-4ACD-4EC0-B59B-66B04C99E86A}.Release|Any CPU.Build.0 = Release|Any CPU
	EndGlobalSection
	GlobalSection(SolutionProperties) = preSolution
		HideSolutionNode = FALSE
	EndGlobalSection
	GlobalSection(ExtensibilityGlobals) = postSolution
		SolutionGuid = {5F423A59-CA19-4579-BDA5-E0A3344C3EA0}
	EndGlobalSection
EndGlobal
